{
  "originHash" : "fe7603936c24a89a96b2c4e905ae89898e8b53cf877ca4e594f6d20ba0571f66",
  "pins" : [
    {
      "identity" : "publicsuffix-swift",
      "kind" : "remoteSourceControl",
      "location" : "https://github.com/jameshurst/PublicSuffix-Swift.git",
      "state" : {
        "revision" : "bf536e25d347002b6c7a2af02d987f2de2a328ac",
        "version" : "0.1.0"
      }
    },
    {
      "identity" : "sqlite.swift",
      "kind" : "remoteSourceControl",
      "location" : "https://github.com/stephencelis/SQLite.swift.git",
      "state" : {
        "revision" : "a95fc6df17d108bd99210db5e8a9bac90fe984b8",
        "version" : "0.15.3"
      }
    }
  ],
  "version" : 3
}
