// !$*UTF8*$!
{
	archiveVersion = 1;
	classes = {
	};
	objectVersion = 55;
	objects = {

/* Begin PBXBuildFile section */
		B42903832BFF46FB00FAB6D3 /* SQLite.framework in Frameworks */ = {isa = PBXBuildFile; fileRef = B42903762BFF46EC00FAB6D3 /* SQLite.framework */; };
		B42903842BFF46FB00FAB6D3 /* SQLite.framework in Embed Frameworks */ = {isa = PBXBuildFile; fileRef = B42903762BFF46EC00FAB6D3 /* SQLite.framework */; settings = {ATTRIBUTES = (CodeSignOnCopy, RemoveHeadersOnCopy, ); }; };
		B4575788292421100083DF2B /* FavtoolApp.swift in Sources */ = {isa = PBXBuildFile; fileRef = B4575787292421100083DF2B /* FavtoolApp.swift */; };
		B457578A292421100083DF2B /* ContentView.swift in Sources */ = {isa = PBXBuildFile; fileRef = B4575789292421100083DF2B /* ContentView.swift */; };
		B457578C292421110083DF2B /* Assets.xcassets in Resources */ = {isa = PBXBuildFile; fileRef = B457578B292421110083DF2B /* Assets.xcassets */; };
		B457578F292421110083DF2B /* Preview Assets.xcassets in Resources */ = {isa = PBXBuildFile; fileRef = B457578E292421110083DF2B /* Preview Assets.xcassets */; };
		B457579B2924216C0083DF2B /* Site.swift in Sources */ = {isa = PBXBuildFile; fileRef = B457579A2924216C0083DF2B /* Site.swift */; };
		B45757A529251B860083DF2B /* FileManager.swift in Sources */ = {isa = PBXBuildFile; fileRef = B45757A429251B860083DF2B /* FileManager.swift */; };
		B47C001F29D8BC8A00CB48D4 /* PublicSuffix in Frameworks */ = {isa = PBXBuildFile; productRef = B47C001E29D8BC8A00CB48D4 /* PublicSuffix */; };
		B47C003529D97E3E00CB48D4 /* key.swift in Sources */ = {isa = PBXBuildFile; fileRef = B47C003429D97E3E00CB48D4 /* key.swift */; };
		B4A3F33429337564005129EC /* AppInfoView.swift in Sources */ = {isa = PBXBuildFile; fileRef = B4A3F33329337564005129EC /* AppInfoView.swift */; };
		B4A9C581292D773C002C2461 /* Commands.swift in Sources */ = {isa = PBXBuildFile; fileRef = B4A9C580292D773C002C2461 /* Commands.swift */; };
		B4BD1F512925877C004A8943 /* Sounds.swift in Sources */ = {isa = PBXBuildFile; fileRef = B4BD1F502925877C004A8943 /* Sounds.swift */; };
		B4BD1F5329259649004A8943 /* Safari.swift in Sources */ = {isa = PBXBuildFile; fileRef = B4BD1F5229259649004A8943 /* Safari.swift */; };
		B4BD1F5729263C9E004A8943 /* SQL.swift in Sources */ = {isa = PBXBuildFile; fileRef = B4BD1F5629263C9E004A8943 /* SQL.swift */; };
		B4BD1F59292640AF004A8943 /* ModelData.swift in Sources */ = {isa = PBXBuildFile; fileRef = B4BD1F58292640AF004A8943 /* ModelData.swift */; };
		B4BD1F5B2926CA03004A8943 /* SideBarView.swift in Sources */ = {isa = PBXBuildFile; fileRef = B4BD1F5A2926CA03004A8943 /* SideBarView.swift */; };
		B4D98ED329335F7400D15B13 /* DefaultView.swift in Sources */ = {isa = PBXBuildFile; fileRef = B4D98ED229335F7400D15B13 /* DefaultView.swift */; };
		B4F450A22927BED90005A389 /* DetailView.swift in Sources */ = {isa = PBXBuildFile; fileRef = B4F450A12927BED90005A389 /* DetailView.swift */; };
		B4F450A42927C4CE0005A389 /* DropView.swift in Sources */ = {isa = PBXBuildFile; fileRef = B4F450A32927C4CE0005A389 /* DropView.swift */; };
/* End PBXBuildFile section */

/* Begin PBXContainerItemProxy section */
		B42903712BFF46EC00FAB6D3 /* PBXContainerItemProxy */ = {
			isa = PBXContainerItemProxy;
			containerPortal = B42903652BFF46EC00FAB6D3 /* SQLite.xcodeproj */;
			proxyType = 2;
			remoteGlobalIDString = EE247AD31C3F04ED00AE3E12;
			remoteInfo = "SQLite iOS";
		};
		B42903732BFF46EC00FAB6D3 /* PBXContainerItemProxy */ = {
			isa = PBXContainerItemProxy;
			containerPortal = B42903652BFF46EC00FAB6D3 /* SQLite.xcodeproj */;
			proxyType = 2;
			remoteGlobalIDString = EE247ADD1C3F04ED00AE3E12;
			remoteInfo = "SQLiteTests iOS";
		};
		B42903752BFF46EC00FAB6D3 /* PBXContainerItemProxy */ = {
			isa = PBXContainerItemProxy;
			containerPortal = B42903652BFF46EC00FAB6D3 /* SQLite.xcodeproj */;
			proxyType = 2;
			remoteGlobalIDString = EE247B3C1C3F3ED000AE3E12;
			remoteInfo = "SQLite Mac";
		};
		B42903772BFF46EC00FAB6D3 /* PBXContainerItemProxy */ = {
			isa = PBXContainerItemProxy;
			containerPortal = B42903652BFF46EC00FAB6D3 /* SQLite.xcodeproj */;
			proxyType = 2;
			remoteGlobalIDString = EE247B451C3F3ED000AE3E12;
			remoteInfo = "SQLiteTests Mac";
		};
		B42903792BFF46EC00FAB6D3 /* PBXContainerItemProxy */ = {
			isa = PBXContainerItemProxy;
			containerPortal = B42903652BFF46EC00FAB6D3 /* SQLite.xcodeproj */;
			proxyType = 2;
			remoteGlobalIDString = 03A65E5A1C6BB0F50062603F;
			remoteInfo = "SQLite tvOS";
		};
		B429037B2BFF46EC00FAB6D3 /* PBXContainerItemProxy */ = {
			isa = PBXContainerItemProxy;
			containerPortal = B42903652BFF46EC00FAB6D3 /* SQLite.xcodeproj */;
			proxyType = 2;
			remoteGlobalIDString = 03A65E631C6BB0F60062603F;
			remoteInfo = "SQLiteTests tvOS";
		};
		B429037D2BFF46EC00FAB6D3 /* PBXContainerItemProxy */ = {
			isa = PBXContainerItemProxy;
			containerPortal = B42903652BFF46EC00FAB6D3 /* SQLite.xcodeproj */;
			proxyType = 2;
			remoteGlobalIDString = A121AC451CA35C79005A31D1;
			remoteInfo = "SQLite watchOS";
		};
		B429037F2BFF46EC00FAB6D3 /* PBXContainerItemProxy */ = {
			isa = PBXContainerItemProxy;
			containerPortal = B42903652BFF46EC00FAB6D3 /* SQLite.xcodeproj */;
			proxyType = 2;
			remoteGlobalIDString = DEB306E52B61CEF500F9D46B;
			remoteInfo = "SQLite visionOS";
		};
		B42903812BFF46EC00FAB6D3 /* PBXContainerItemProxy */ = {
			isa = PBXContainerItemProxy;
			containerPortal = B42903652BFF46EC00FAB6D3 /* SQLite.xcodeproj */;
			proxyType = 2;
			remoteGlobalIDString = DEB307112B61CF9500F9D46B;
			remoteInfo = "SQLiteTests visionOS";
		};
/* End PBXContainerItemProxy section */

/* Begin PBXCopyFilesBuildPhase section */
		B4D98E5E29327A7B00D15B13 /* Embed Frameworks */ = {
			isa = PBXCopyFilesBuildPhase;
			buildActionMask = 2147483647;
			dstPath = "";
			dstSubfolderSpec = 10;
			files = (
				B42903842BFF46FB00FAB6D3 /* SQLite.framework in Embed Frameworks */,
			);
			name = "Embed Frameworks";
			runOnlyForDeploymentPostprocessing = 0;
		};
/* End PBXCopyFilesBuildPhase section */

/* Begin PBXFileReference section */
		B42903652BFF46EC00FAB6D3 /* SQLite.xcodeproj */ = {isa = PBXFileReference; lastKnownFileType = "wrapper.pb-project"; name = SQLite.xcodeproj; path = "../../../Downloads/SQLite.swift-0.15.3/SQLite.xcodeproj"; sourceTree = "<group>"; };
		B4575784292421100083DF2B /* Favtool.app */ = {isa = PBXFileReference; explicitFileType = wrapper.application; includeInIndex = 0; path = Favtool.app; sourceTree = BUILT_PRODUCTS_DIR; };
		B4575787292421100083DF2B /* FavtoolApp.swift */ = {isa = PBXFileReference; lastKnownFileType = sourcecode.swift; path = FavtoolApp.swift; sourceTree = "<group>"; };
		B4575789292421100083DF2B /* ContentView.swift */ = {isa = PBXFileReference; lastKnownFileType = sourcecode.swift; path = ContentView.swift; sourceTree = "<group>"; };
		B457578B292421110083DF2B /* Assets.xcassets */ = {isa = PBXFileReference; lastKnownFileType = folder.assetcatalog; name = Assets.xcassets; path = Favtool/Assets.xcassets; sourceTree = SOURCE_ROOT; };
		B457578E292421110083DF2B /* Preview Assets.xcassets */ = {isa = PBXFileReference; lastKnownFileType = folder.assetcatalog; path = "Preview Assets.xcassets"; sourceTree = "<group>"; };
		B4575790292421110083DF2B /* Favtool.entitlements */ = {isa = PBXFileReference; lastKnownFileType = text.plist.entitlements; path = Favtool.entitlements; sourceTree = "<group>"; };
		B457579A2924216C0083DF2B /* Site.swift */ = {isa = PBXFileReference; lastKnownFileType = sourcecode.swift; path = Site.swift; sourceTree = "<group>"; };
		B45757A429251B860083DF2B /* FileManager.swift */ = {isa = PBXFileReference; lastKnownFileType = sourcecode.swift; path = FileManager.swift; sourceTree = "<group>"; };
		B47C003429D97E3E00CB48D4 /* key.swift */ = {isa = PBXFileReference; lastKnownFileType = sourcecode.swift; path = key.swift; sourceTree = "<group>"; };
		B4A3F33329337564005129EC /* AppInfoView.swift */ = {isa = PBXFileReference; lastKnownFileType = sourcecode.swift; path = AppInfoView.swift; sourceTree = "<group>"; tabWidth = 1; };
		B4A9C580292D773C002C2461 /* Commands.swift */ = {isa = PBXFileReference; lastKnownFileType = sourcecode.swift; path = Commands.swift; sourceTree = "<group>"; };
		B4BD1F502925877C004A8943 /* Sounds.swift */ = {isa = PBXFileReference; lastKnownFileType = sourcecode.swift; path = Sounds.swift; sourceTree = "<group>"; };
		B4BD1F5229259649004A8943 /* Safari.swift */ = {isa = PBXFileReference; lastKnownFileType = sourcecode.swift; path = Safari.swift; sourceTree = "<group>"; };
		B4BD1F5629263C9E004A8943 /* SQL.swift */ = {isa = PBXFileReference; lastKnownFileType = sourcecode.swift; path = SQL.swift; sourceTree = "<group>"; };
		B4BD1F58292640AF004A8943 /* ModelData.swift */ = {isa = PBXFileReference; lastKnownFileType = sourcecode.swift; path = ModelData.swift; sourceTree = "<group>"; };
		B4BD1F5A2926CA03004A8943 /* SideBarView.swift */ = {isa = PBXFileReference; lastKnownFileType = sourcecode.swift; path = SideBarView.swift; sourceTree = "<group>"; };
		B4D98ED229335F7400D15B13 /* DefaultView.swift */ = {isa = PBXFileReference; lastKnownFileType = sourcecode.swift; path = DefaultView.swift; sourceTree = "<group>"; };
		B4F450A12927BED90005A389 /* DetailView.swift */ = {isa = PBXFileReference; lastKnownFileType = sourcecode.swift; path = DetailView.swift; sourceTree = "<group>"; };
		B4F450A32927C4CE0005A389 /* DropView.swift */ = {isa = PBXFileReference; lastKnownFileType = sourcecode.swift; path = DropView.swift; sourceTree = "<group>"; };
/* End PBXFileReference section */

/* Begin PBXFrameworksBuildPhase section */
		B4575781292421100083DF2B /* Frameworks */ = {
			isa = PBXFrameworksBuildPhase;
			buildActionMask = 2147483647;
			files = (
				B42903832BFF46FB00FAB6D3 /* SQLite.framework in Frameworks */,
				B47C001F29D8BC8A00CB48D4 /* PublicSuffix in Frameworks */,
			);
			runOnlyForDeploymentPostprocessing = 0;
		};
/* End PBXFrameworksBuildPhase section */

/* Begin PBXGroup section */
		B42903662BFF46EC00FAB6D3 /* Products */ = {
			isa = PBXGroup;
			children = (
				B42903722BFF46EC00FAB6D3 /* SQLite.framework */,
				B42903742BFF46EC00FAB6D3 /* SQLiteTests iOS.xctest */,
				B42903762BFF46EC00FAB6D3 /* SQLite.framework */,
				B42903782BFF46EC00FAB6D3 /* SQLiteTests Mac.xctest */,
				B429037A2BFF46EC00FAB6D3 /* SQLite.framework */,
				B429037C2BFF46EC00FAB6D3 /* SQLiteTests tvOS.xctest */,
				B429037E2BFF46EC00FAB6D3 /* SQLite.framework */,
				B42903802BFF46EC00FAB6D3 /* SQLite.framework */,
				B42903822BFF46EC00FAB6D3 /* SQLiteTests visionOS.xctest */,
			);
			name = Products;
			sourceTree = "<group>";
		};
		B457577B292421100083DF2B = {
			isa = PBXGroup;
			children = (
				B42903652BFF46EC00FAB6D3 /* SQLite.xcodeproj */,
				B4575786292421100083DF2B /* Favtool */,
				B4575785292421100083DF2B /* Products */,
				B4D98E5B29327A7B00D15B13 /* Frameworks */,
			);
			sourceTree = "<group>";
		};
		B4575785292421100083DF2B /* Products */ = {
			isa = PBXGroup;
			children = (
				B4575784292421100083DF2B /* Favtool.app */,
			);
			name = Products;
			sourceTree = "<group>";
		};
		B4575786292421100083DF2B /* Favtool */ = {
			isa = PBXGroup;
			children = (
				B4575787292421100083DF2B /* FavtoolApp.swift */,
				B4A9C580292D773C002C2461 /* Commands.swift */,
				B4575789292421100083DF2B /* ContentView.swift */,
				B4BD1F502925877C004A8943 /* Sounds.swift */,
				B4575798292421240083DF2B /* Views */,
				B45757992924215D0083DF2B /* Models */,
				B4BD1F4F29258341004A8943 /* Utils */,
				B457578B292421110083DF2B /* Assets.xcassets */,
				B4575790292421110083DF2B /* Favtool.entitlements */,
				B457578D292421110083DF2B /* Preview Content */,
			);
			path = Favtool;
			sourceTree = "<group>";
		};
		B457578D292421110083DF2B /* Preview Content */ = {
			isa = PBXGroup;
			children = (
				B457578E292421110083DF2B /* Preview Assets.xcassets */,
			);
			path = "Preview Content";
			sourceTree = "<group>";
		};
		B4575798292421240083DF2B /* Views */ = {
			isa = PBXGroup;
			children = (
				B4BD1F5A2926CA03004A8943 /* SideBarView.swift */,
				B4F450A12927BED90005A389 /* DetailView.swift */,
				B4F450A32927C4CE0005A389 /* DropView.swift */,
				B4D98ED229335F7400D15B13 /* DefaultView.swift */,
				B4A3F33329337564005129EC /* AppInfoView.swift */,
			);
			path = Views;
			sourceTree = "<group>";
		};
		B45757992924215D0083DF2B /* Models */ = {
			isa = PBXGroup;
			children = (
				B457579A2924216C0083DF2B /* Site.swift */,
				B4BD1F58292640AF004A8943 /* ModelData.swift */,
			);
			path = Models;
			sourceTree = "<group>";
		};
		B4BD1F4F29258341004A8943 /* Utils */ = {
			isa = PBXGroup;
			children = (
				B45757A429251B860083DF2B /* FileManager.swift */,
				B4BD1F5229259649004A8943 /* Safari.swift */,
				B4BD1F5629263C9E004A8943 /* SQL.swift */,
				B47C003429D97E3E00CB48D4 /* key.swift */,
			);
			path = Utils;
			sourceTree = "<group>";
		};
		B4D98E5B29327A7B00D15B13 /* Frameworks */ = {
			isa = PBXGroup;
			children = (
			);
			name = Frameworks;
			sourceTree = "<group>";
		};
/* End PBXGroup section */

/* Begin PBXNativeTarget section */
		B4575783292421100083DF2B /* Favtool */ = {
			isa = PBXNativeTarget;
			buildConfigurationList = B4575793292421110083DF2B /* Build configuration list for PBXNativeTarget "Favtool" */;
			buildPhases = (
				B4575780292421100083DF2B /* Sources */,
				B4575781292421100083DF2B /* Frameworks */,
				B4575782292421100083DF2B /* Resources */,
				B4D98E5E29327A7B00D15B13 /* Embed Frameworks */,
			);
			buildRules = (
			);
			dependencies = (
			);
			name = Favtool;
			packageProductDependencies = (
				B47C001E29D8BC8A00CB48D4 /* PublicSuffix */,
			);
			productName = Favtool;
			productReference = B4575784292421100083DF2B /* Favtool.app */;
			productType = "com.apple.product-type.application";
		};
/* End PBXNativeTarget section */

/* Begin PBXProject section */
		B457577C292421100083DF2B /* Project object */ = {
			isa = PBXProject;
			attributes = {
				BuildIndependentTargetsInParallel = 1;
				LastSwiftUpdateCheck = 1340;
				LastUpgradeCheck = 1420;
				TargetAttributes = {
					B4575783292421100083DF2B = {
						CreatedOnToolsVersion = 13.4.1;
					};
				};
			};
			buildConfigurationList = B457577F292421100083DF2B /* Build configuration list for PBXProject "Favtool" */;
			compatibilityVersion = "Xcode 13.0";
			developmentRegion = en;
			hasScannedForEncodings = 0;
			knownRegions = (
				en,
				Base,
			);
			mainGroup = B457577B292421100083DF2B;
			packageReferences = (
				B47C001D29D8BC8A00CB48D4 /* XCRemoteSwiftPackageReference "PublicSuffix-Swift" */,
			);
			productRefGroup = B4575785292421100083DF2B /* Products */;
			projectDirPath = "";
			projectReferences = (
				{
					ProductGroup = B42903662BFF46EC00FAB6D3 /* Products */;
					ProjectRef = B42903652BFF46EC00FAB6D3 /* SQLite.xcodeproj */;
				},
			);
			projectRoot = "";
			targets = (
				B4575783292421100083DF2B /* Favtool */,
			);
		};
/* End PBXProject section */

/* Begin PBXReferenceProxy section */
		B42903722BFF46EC00FAB6D3 /* SQLite.framework */ = {
			isa = PBXReferenceProxy;
			fileType = wrapper.framework;
			path = SQLite.framework;
			remoteRef = B42903712BFF46EC00FAB6D3 /* PBXContainerItemProxy */;
			sourceTree = BUILT_PRODUCTS_DIR;
		};
		B42903742BFF46EC00FAB6D3 /* SQLiteTests iOS.xctest */ = {
			isa = PBXReferenceProxy;
			fileType = wrapper.cfbundle;
			path = "SQLiteTests iOS.xctest";
			remoteRef = B42903732BFF46EC00FAB6D3 /* PBXContainerItemProxy */;
			sourceTree = BUILT_PRODUCTS_DIR;
		};
		B42903762BFF46EC00FAB6D3 /* SQLite.framework */ = {
			isa = PBXReferenceProxy;
			fileType = wrapper.framework;
			path = SQLite.framework;
			remoteRef = B42903752BFF46EC00FAB6D3 /* PBXContainerItemProxy */;
			sourceTree = BUILT_PRODUCTS_DIR;
		};
		B42903782BFF46EC00FAB6D3 /* SQLiteTests Mac.xctest */ = {
			isa = PBXReferenceProxy;
			fileType = wrapper.cfbundle;
			path = "SQLiteTests Mac.xctest";
			remoteRef = B42903772BFF46EC00FAB6D3 /* PBXContainerItemProxy */;
			sourceTree = BUILT_PRODUCTS_DIR;
		};
		B429037A2BFF46EC00FAB6D3 /* SQLite.framework */ = {
			isa = PBXReferenceProxy;
			fileType = wrapper.framework;
			path = SQLite.framework;
			remoteRef = B42903792BFF46EC00FAB6D3 /* PBXContainerItemProxy */;
			sourceTree = BUILT_PRODUCTS_DIR;
		};
		B429037C2BFF46EC00FAB6D3 /* SQLiteTests tvOS.xctest */ = {
			isa = PBXReferenceProxy;
			fileType = wrapper.cfbundle;
			path = "SQLiteTests tvOS.xctest";
			remoteRef = B429037B2BFF46EC00FAB6D3 /* PBXContainerItemProxy */;
			sourceTree = BUILT_PRODUCTS_DIR;
		};
		B429037E2BFF46EC00FAB6D3 /* SQLite.framework */ = {
			isa = PBXReferenceProxy;
			fileType = wrapper.framework;
			path = SQLite.framework;
			remoteRef = B429037D2BFF46EC00FAB6D3 /* PBXContainerItemProxy */;
			sourceTree = BUILT_PRODUCTS_DIR;
		};
		B42903802BFF46EC00FAB6D3 /* SQLite.framework */ = {
			isa = PBXReferenceProxy;
			fileType = wrapper.framework;
			path = SQLite.framework;
			remoteRef = B429037F2BFF46EC00FAB6D3 /* PBXContainerItemProxy */;
			sourceTree = BUILT_PRODUCTS_DIR;
		};
		B42903822BFF46EC00FAB6D3 /* SQLiteTests visionOS.xctest */ = {
			isa = PBXReferenceProxy;
			fileType = wrapper.cfbundle;
			path = "SQLiteTests visionOS.xctest";
			remoteRef = B42903812BFF46EC00FAB6D3 /* PBXContainerItemProxy */;
			sourceTree = BUILT_PRODUCTS_DIR;
		};
/* End PBXReferenceProxy section */

/* Begin PBXResourcesBuildPhase section */
		B4575782292421100083DF2B /* Resources */ = {
			isa = PBXResourcesBuildPhase;
			buildActionMask = 2147483647;
			files = (
				B457578F292421110083DF2B /* Preview Assets.xcassets in Resources */,
				B457578C292421110083DF2B /* Assets.xcassets in Resources */,
			);
			runOnlyForDeploymentPostprocessing = 0;
		};
/* End PBXResourcesBuildPhase section */

/* Begin PBXSourcesBuildPhase section */
		B4575780292421100083DF2B /* Sources */ = {
			isa = PBXSourcesBuildPhase;
			buildActionMask = 2147483647;
			files = (
				B4BD1F5B2926CA03004A8943 /* SideBarView.swift in Sources */,
				B45757A529251B860083DF2B /* FileManager.swift in Sources */,
				B4A3F33429337564005129EC /* AppInfoView.swift in Sources */,
				B457578A292421100083DF2B /* ContentView.swift in Sources */,
				B4F450A22927BED90005A389 /* DetailView.swift in Sources */,
				B4F450A42927C4CE0005A389 /* DropView.swift in Sources */,
				B4BD1F512925877C004A8943 /* Sounds.swift in Sources */,
				B457579B2924216C0083DF2B /* Site.swift in Sources */,
				B4A9C581292D773C002C2461 /* Commands.swift in Sources */,
				B4BD1F5729263C9E004A8943 /* SQL.swift in Sources */,
				B4575788292421100083DF2B /* FavtoolApp.swift in Sources */,
				B4BD1F59292640AF004A8943 /* ModelData.swift in Sources */,
				B4D98ED329335F7400D15B13 /* DefaultView.swift in Sources */,
				B47C003529D97E3E00CB48D4 /* key.swift in Sources */,
				B4BD1F5329259649004A8943 /* Safari.swift in Sources */,
			);
			runOnlyForDeploymentPostprocessing = 0;
		};
/* End PBXSourcesBuildPhase section */

/* Begin XCBuildConfiguration section */
		B4575791292421110083DF2B /* Debug */ = {
			isa = XCBuildConfiguration;
			buildSettings = {
				ALWAYS_SEARCH_USER_PATHS = NO;
				CLANG_ANALYZER_NONNULL = YES;
				CLANG_ANALYZER_NUMBER_OBJECT_CONVERSION = YES_AGGRESSIVE;
				CLANG_CXX_LANGUAGE_STANDARD = "gnu++17";
				CLANG_ENABLE_MODULES = YES;
				CLANG_ENABLE_OBJC_ARC = YES;
				CLANG_ENABLE_OBJC_WEAK = YES;
				CLANG_WARN_BLOCK_CAPTURE_AUTORELEASING = YES;
				CLANG_WARN_BOOL_CONVERSION = YES;
				CLANG_WARN_COMMA = YES;
				CLANG_WARN_CONSTANT_CONVERSION = YES;
				CLANG_WARN_DEPRECATED_OBJC_IMPLEMENTATIONS = YES;
				CLANG_WARN_DIRECT_OBJC_ISA_USAGE = YES_ERROR;
				CLANG_WARN_DOCUMENTATION_COMMENTS = YES;
				CLANG_WARN_EMPTY_BODY = YES;
				CLANG_WARN_ENUM_CONVERSION = YES;
				CLANG_WARN_INFINITE_RECURSION = YES;
				CLANG_WARN_INT_CONVERSION = YES;
				CLANG_WARN_NON_LITERAL_NULL_CONVERSION = YES;
				CLANG_WARN_OBJC_IMPLICIT_RETAIN_SELF = YES;
				CLANG_WARN_OBJC_LITERAL_CONVERSION = YES;
				CLANG_WARN_OBJC_ROOT_CLASS = YES_ERROR;
				CLANG_WARN_QUOTED_INCLUDE_IN_FRAMEWORK_HEADER = YES;
				CLANG_WARN_RANGE_LOOP_ANALYSIS = YES;
				CLANG_WARN_STRICT_PROTOTYPES = YES;
				CLANG_WARN_SUSPICIOUS_MOVE = YES;
				CLANG_WARN_UNGUARDED_AVAILABILITY = YES_AGGRESSIVE;
				CLANG_WARN_UNREACHABLE_CODE = YES;
				CLANG_WARN__DUPLICATE_METHOD_MATCH = YES;
				COPY_PHASE_STRIP = NO;
				DEAD_CODE_STRIPPING = YES;
				DEBUG_INFORMATION_FORMAT = dwarf;
				ENABLE_STRICT_OBJC_MSGSEND = YES;
				ENABLE_TESTABILITY = YES;
				GCC_C_LANGUAGE_STANDARD = gnu11;
				GCC_DYNAMIC_NO_PIC = NO;
				GCC_NO_COMMON_BLOCKS = YES;
				GCC_OPTIMIZATION_LEVEL = 0;
				GCC_PRECOMPILE_PREFIX_HEADER = YES;
				GCC_PREPROCESSOR_DEFINITIONS = (
					"DEBUG=1",
					"$(inherited)",
				);
				GCC_WARN_64_TO_32_BIT_CONVERSION = YES;
				GCC_WARN_ABOUT_RETURN_TYPE = YES_ERROR;
				GCC_WARN_UNDECLARED_SELECTOR = YES;
				GCC_WARN_UNINITIALIZED_AUTOS = YES_AGGRESSIVE;
				GCC_WARN_UNUSED_FUNCTION = YES;
				GCC_WARN_UNUSED_VARIABLE = YES;
				MACOSX_DEPLOYMENT_TARGET = 10.14;
				MTL_ENABLE_DEBUG_INFO = INCLUDE_SOURCE;
				MTL_FAST_MATH = YES;
				ONLY_ACTIVE_ARCH = YES;
				PRECOMPS_INCLUDE_HEADERS_FROM_BUILT_PRODUCTS_DIR = YES;
				SDKROOT = macosx;
				SWIFT_ACTIVE_COMPILATION_CONDITIONS = DEBUG;
				SWIFT_OPTIMIZATION_LEVEL = "-Onone";
				SWIFT_PRECOMPILE_BRIDGING_HEADER = NO;
			};
			name = Debug;
		};
		B4575792292421110083DF2B /* Release */ = {
			isa = XCBuildConfiguration;
			buildSettings = {
				ALWAYS_SEARCH_USER_PATHS = NO;
				CLANG_ANALYZER_NONNULL = YES;
				CLANG_ANALYZER_NUMBER_OBJECT_CONVERSION = YES_AGGRESSIVE;
				CLANG_CXX_LANGUAGE_STANDARD = "gnu++17";
				CLANG_ENABLE_MODULES = YES;
				CLANG_ENABLE_OBJC_ARC = YES;
				CLANG_ENABLE_OBJC_WEAK = YES;
				CLANG_WARN_BLOCK_CAPTURE_AUTORELEASING = YES;
				CLANG_WARN_BOOL_CONVERSION = YES;
				CLANG_WARN_COMMA = YES;
				CLANG_WARN_CONSTANT_CONVERSION = YES;
				CLANG_WARN_DEPRECATED_OBJC_IMPLEMENTATIONS = YES;
				CLANG_WARN_DIRECT_OBJC_ISA_USAGE = YES_ERROR;
				CLANG_WARN_DOCUMENTATION_COMMENTS = YES;
				CLANG_WARN_EMPTY_BODY = YES;
				CLANG_WARN_ENUM_CONVERSION = YES;
				CLANG_WARN_INFINITE_RECURSION = YES;
				CLANG_WARN_INT_CONVERSION = YES;
				CLANG_WARN_NON_LITERAL_NULL_CONVERSION = YES;
				CLANG_WARN_OBJC_IMPLICIT_RETAIN_SELF = YES;
				CLANG_WARN_OBJC_LITERAL_CONVERSION = YES;
				CLANG_WARN_OBJC_ROOT_CLASS = YES_ERROR;
				CLANG_WARN_QUOTED_INCLUDE_IN_FRAMEWORK_HEADER = YES;
				CLANG_WARN_RANGE_LOOP_ANALYSIS = YES;
				CLANG_WARN_STRICT_PROTOTYPES = YES;
				CLANG_WARN_SUSPICIOUS_MOVE = YES;
				CLANG_WARN_UNGUARDED_AVAILABILITY = YES_AGGRESSIVE;
				CLANG_WARN_UNREACHABLE_CODE = YES;
				CLANG_WARN__DUPLICATE_METHOD_MATCH = YES;
				COPY_PHASE_STRIP = NO;
				DEAD_CODE_STRIPPING = YES;
				DEBUG_INFORMATION_FORMAT = "dwarf-with-dsym";
				ENABLE_NS_ASSERTIONS = NO;
				ENABLE_STRICT_OBJC_MSGSEND = YES;
				GCC_C_LANGUAGE_STANDARD = gnu11;
				GCC_NO_COMMON_BLOCKS = YES;
				GCC_PRECOMPILE_PREFIX_HEADER = YES;
				GCC_WARN_64_TO_32_BIT_CONVERSION = YES;
				GCC_WARN_ABOUT_RETURN_TYPE = YES_ERROR;
				GCC_WARN_UNDECLARED_SELECTOR = YES;
				GCC_WARN_UNINITIALIZED_AUTOS = YES_AGGRESSIVE;
				GCC_WARN_UNUSED_FUNCTION = YES;
				GCC_WARN_UNUSED_VARIABLE = YES;
				MACOSX_DEPLOYMENT_TARGET = 10.14;
				MTL_ENABLE_DEBUG_INFO = NO;
				MTL_FAST_MATH = YES;
				PRECOMPS_INCLUDE_HEADERS_FROM_BUILT_PRODUCTS_DIR = YES;
				SDKROOT = macosx;
				SWIFT_COMPILATION_MODE = wholemodule;
				SWIFT_OPTIMIZATION_LEVEL = "-O";
				SWIFT_PRECOMPILE_BRIDGING_HEADER = NO;
			};
			name = Release;
		};
		B4575794292421110083DF2B /* Debug */ = {
			isa = XCBuildConfiguration;
			buildSettings = {
				ASSETCATALOG_COMPILER_APPICON_NAME = AppIcon;
				ASSETCATALOG_COMPILER_GLOBAL_ACCENT_COLOR_NAME = AccentColor;
				ASSETCATALOG_COMPILER_INCLUDE_ALL_APPICON_ASSETS = YES;
				CODE_SIGN_ENTITLEMENTS = Favtool/Favtool.entitlements;
				CODE_SIGN_IDENTITY = "-";
				"CODE_SIGN_IDENTITY[sdk=macosx*]" = "-";
				CODE_SIGN_STYLE = Automatic;
				COMBINE_HIDPI_IMAGES = YES;
				CURRENT_PROJECT_VERSION = 1;
				DEAD_CODE_STRIPPING = YES;
				DEVELOPMENT_ASSET_PATHS = "\"Favtool/Preview Content\"";
				ENABLE_PREVIEWS = YES;
				GENERATE_INFOPLIST_FILE = YES;
				INFOPLIST_KEY_CFBundleDisplayName = Favtool;
				INFOPLIST_KEY_NSHumanReadableCopyright = "";
				LD_RUNPATH_SEARCH_PATHS = (
					"$(inherited)",
					"@executable_path/../Frameworks",
				);
				MACOSX_DEPLOYMENT_TARGET = 12.0;
				MARKETING_VERSION = 4.2.4;
				PRODUCT_BUNDLE_IDENTIFIER = "shy-neon.Favtool";
				PRODUCT_NAME = "$(TARGET_NAME)";
				SWIFT_EMIT_LOC_STRINGS = YES;
				SWIFT_ENFORCE_EXCLUSIVE_ACCESS = off;
				SWIFT_VERSION = 5.0;
			};
			name = Debug;
		};
		B4575795292421110083DF2B /* Release */ = {
			isa = XCBuildConfiguration;
			buildSettings = {
				ASSETCATALOG_COMPILER_APPICON_NAME = AppIcon;
				ASSETCATALOG_COMPILER_GLOBAL_ACCENT_COLOR_NAME = AccentColor;
				ASSETCATALOG_COMPILER_INCLUDE_ALL_APPICON_ASSETS = YES;
				CODE_SIGN_ENTITLEMENTS = Favtool/Favtool.entitlements;
				CODE_SIGN_IDENTITY = "-";
				"CODE_SIGN_IDENTITY[sdk=macosx*]" = "-";
				CODE_SIGN_STYLE = Automatic;
				COMBINE_HIDPI_IMAGES = YES;
				CURRENT_PROJECT_VERSION = 1;
				DEAD_CODE_STRIPPING = YES;
				DEVELOPMENT_ASSET_PATHS = "\"Favtool/Preview Content\"";
				ENABLE_PREVIEWS = YES;
				GENERATE_INFOPLIST_FILE = YES;
				INFOPLIST_KEY_CFBundleDisplayName = Favtool;
				INFOPLIST_KEY_NSHumanReadableCopyright = "";
				LD_RUNPATH_SEARCH_PATHS = (
					"$(inherited)",
					"@executable_path/../Frameworks",
				);
				MACOSX_DEPLOYMENT_TARGET = 12.0;
				MARKETING_VERSION = 4.2.4;
				PRODUCT_BUNDLE_IDENTIFIER = "shy-neon.Favtool";
				PRODUCT_NAME = "$(TARGET_NAME)";
				SWIFT_EMIT_LOC_STRINGS = YES;
				SWIFT_ENFORCE_EXCLUSIVE_ACCESS = off;
				SWIFT_VERSION = 5.0;
			};
			name = Release;
		};
/* End XCBuildConfiguration section */

/* Begin XCConfigurationList section */
		B457577F292421100083DF2B /* Build configuration list for PBXProject "Favtool" */ = {
			isa = XCConfigurationList;
			buildConfigurations = (
				B4575791292421110083DF2B /* Debug */,
				B4575792292421110083DF2B /* Release */,
			);
			defaultConfigurationIsVisible = 0;
			defaultConfigurationName = Release;
		};
		B4575793292421110083DF2B /* Build configuration list for PBXNativeTarget "Favtool" */ = {
			isa = XCConfigurationList;
			buildConfigurations = (
				B4575794292421110083DF2B /* Debug */,
				B4575795292421110083DF2B /* Release */,
			);
			defaultConfigurationIsVisible = 0;
			defaultConfigurationName = Release;
		};
/* End XCConfigurationList section */

/* Begin XCRemoteSwiftPackageReference section */
		B47C001D29D8BC8A00CB48D4 /* XCRemoteSwiftPackageReference "PublicSuffix-Swift" */ = {
			isa = XCRemoteSwiftPackageReference;
			repositoryURL = "https://github.com/jameshurst/PublicSuffix-Swift.git";
			requirement = {
				kind = upToNextMajorVersion;
				minimumVersion = 0.1.0;
			};
		};
/* End XCRemoteSwiftPackageReference section */

/* Begin XCSwiftPackageProductDependency section */
		B47C001E29D8BC8A00CB48D4 /* PublicSuffix */ = {
			isa = XCSwiftPackageProductDependency;
			package = B47C001D29D8BC8A00CB48D4 /* XCRemoteSwiftPackageReference "PublicSuffix-Swift" */;
			productName = PublicSuffix;
		};
/* End XCSwiftPackageProductDependency section */
	};
	rootObject = B457577C292421100083DF2B /* Project object */;
}
